version = 2

[[package]]
type = "github_release"
key = "gastownhall/beads"
version = "v1.1.2"
profiles = [
    "codex",
]
checksum = "sha256:a72d71ed374955dc9f83a0f90b54bd7b6a0016709dd1676ae2e368651ed401c2"

[[package]]
type = "github_release"
key = "max-sixty/worktrunk"
version = "v0.75.0"
profiles = [
    "codex",
]
checksum = "sha256:9ca16c77245c01edb079620a4375a8a49046fded4d4e571dd21930fd0235eca3"

[[package]]
type = "github_release"
key = "umputun/revdiff"
version = "v1.12.0"
profiles = [
    "codex",
]
checksum = "sha256:3b36478c3b9d6c6f5557515fed876e88ce1c3d14564714a3ed5aefb903cc7154"
